<?xml version="1.0" encoding="utf-8"?>
<Project ToolsVersion="4.0" xmlns="http://schemas.microsoft.com/developer/msbuild/2003">
  <ItemGroup>
    <Filter Include="Source Files">
      <UniqueIdentifier>{4FC737F1-C7A5-4376-A066-2A32D752A2FF}</UniqueIdentifier>
      <Extensions>cpp;c;cc;cxx;c++;cppm;ixx;def;odl;idl;hpj;bat;asm;asmx</Extensions>
    </Filter>
    <Filter Include="Header Files">
      <UniqueIdentifier>{93995380-89BD-4b04-88EB-625FBE52EBFB}</UniqueIdentifier>
      <Extensions>h;hh;hpp;hxx;h++;hm;inl;inc;ipp;xsd</Extensions>
    </Filter>
    <Filter Include="Resource Files">
      <UniqueIdentifier>{67DA6AB6-F800-4c08-8B7A-83BB121AAD01}</UniqueIdentifier>
      <Extensions>rc;ico;cur;bmp;dlg;rc2;rct;bin;rgs;gif;jpg;jpeg;jpe;resx;tiff;tif;png;wav;mfcribbon-ms</Extensions>
    </Filter>
    <Filter Include="Source Files\tag">
      <UniqueIdentifier>{fe8cfdd5-9db8-4d62-a26e-805bfad44158}</UniqueIdentifier>
    </Filter>
    <Filter Include="Source Files\skin">
      <UniqueIdentifier>{805a8a3a-935f-4582-9bd1-8c9e1928a219}</UniqueIdentifier>
    </Filter>
    <Filter Include="Source Files\audio">
      <UniqueIdentifier>{1c48bb26-4969-40f0-8dbd-fd35cbb3d965}</UniqueIdentifier>
    </Filter>
    <Filter Include="Header Files\audio">
      <UniqueIdentifier>{b69669b8-b899-4db7-a630-8c8694b7105d}</UniqueIdentifier>
    </Filter>
  </ItemGroup>
  <ItemGroup>
    <ClInclude Include="framework.h">
      <Filter>Header Files</Filter>
    </ClInclude>
    <ClInclude Include="pch.h">
      <Filter>Header Files</Filter>
    </ClInclude>
    <ClInclude Include="Util.h">
      <Filter>Header Files</Filter>
    </ClInclude>
    <ClInclude Include="Mod.h">
      <Filter>Header Files</Filter>
    </ClInclude>
    <ClInclude Include="objects.h">
      <Filter>Header Files</Filter>
    </ClInclude>
    <ClInclude Include="tags.h">
      <Filter>Header Files</Filter>
    </ClInclude>
    <ClInclude Include="sound.h">
      <Filter>Header Files\audio</Filter>
    </ClInclude>
    <ClInclude Include="jingle.h">
      <Filter>Header Files\audio</Filter>
    </ClInclude>
    <ClInclude Include="sadx-util.h">
      <Filter>Header Files</Filter>
    </ClInclude>
    <ClInclude Include="backring.h">
      <Filter>Header Files</Filter>
    </ClInclude>
  </ItemGroup>
  <ItemGroup>
    <ClCompile Include="dllmain.cpp">
      <Filter>Source Files</Filter>
    </ClCompile>
    <ClCompile Include="pch.cpp">
      <Filter>Source Files</Filter>
    </ClCompile>
    <ClCompile Include="mod.cpp">
      <Filter>Source Files</Filter>
    </ClCompile>
    <ClCompile Include="config.cpp">
      <Filter>Source Files</Filter>
    </ClCompile>
    <ClCompile Include="utils.cpp">
      <Filter>Source Files</Filter>
    </ClCompile>
    <ClCompile Include="sonk.cpp">
      <Filter>Source Files</Filter>
    </ClCompile>
    <ClCompile Include="spray-paint.cpp">
      <Filter>Source Files\tag</Filter>
    </ClCompile>
    <ClCompile Include="tags.cpp">
      <Filter>Source Files\tag</Filter>
    </ClCompile>
    <ClCompile Include="sh.cpp">
      <Filter>Source Files\tag</Filter>
    </ClCompile>
    <ClCompile Include="sh-obj.cpp">
      <Filter>Source Files\tag</Filter>
    </ClCompile>
    <ClCompile Include="welds.cpp">
      <Filter>Source Files\skin</Filter>
    </ClCompile>
    <ClCompile Include="chrmodel.cpp">
      <Filter>Source Files\skin</Filter>
    </ClCompile>
    <ClCompile Include="animations.cpp">
      <Filter>Source Files\skin</Filter>
    </ClCompile>
    <ClCompile Include="skating-eff.cpp">
      <Filter>Source Files\skin</Filter>
    </ClCompile>
    <ClCompile Include="hud.cpp">
      <Filter>Source Files\tag</Filter>
    </ClCompile>
    <ClCompile Include="sound.cpp">
      <Filter>Source Files\audio</Filter>
    </ClCompile>
    <ClCompile Include="jingle.cpp">
      <Filter>Source Files\audio</Filter>
    </ClCompile>
    <ClCompile Include="hardmode.cpp">
      <Filter>Source Files\tag</Filter>
    </ClCompile>
    <ClCompile Include="backRing.cpp">
      <Filter>Source Files\tag</Filter>
    </ClCompile>
  </ItemGroup>
</Project>